
Microsoft Visual Studio Solution File, Format Version 12.00
# Visual Studio 15
VisualStudioVersion = 15.0.27703.2047
MinimumVisualStudioVersion = 10.0.40219.1
Project("{FAE04EC0-301F-11D3-BF4B-00C04F79EFBC}") = "UpdateServiceReferences", "UpdateServiceReferences\UpdateServiceReferences.csproj", "{692A32F3-8064-4766-A81F-05B5C2B94CA4}"
EndProject
Global
	GlobalSection(SolutionConfigurationPlatforms) = preSolution
		Debug|Any CPU = Debug|Any CPU
		Release|Any CPU = Release|Any CPU
	EndGlobalSection
	GlobalSection(ProjectConfigurationPlatforms) = postSolution
		{692A32F3-8064-4766-A81F-05B5C2B94CA4}.Debug|Any CPU.ActiveCfg = Debug|Any CPU
		{692A32F3-8064-4766-A81F-05B5C2B94CA4}.Debug|Any CPU.Build.0 = Debug|Any CPU
		{692A32F3-8064-4766-A81F-05B5C2B94CA4}.Release|Any CPU.ActiveCfg = Release|Any CPU
		{692A32F3-8064-4766-A81F-05B5C2B94CA4}.Release|Any CPU.Build.0 = Release|Any CPU
	EndGlobalSection
	GlobalSection(SolutionProperties) = preSolution
		HideSolutionNode = FALSE
	EndGlobalSection
	GlobalSection(ExtensibilityGlobals) = postSolution
		SolutionGuid = {15A9C256-2CA5-47C6-8AB5-24D753DA4103}
	EndGlobalSection
EndGlobal
